// !$*UTF8*$!
{
	archiveVersion = 1;
	classes = {
	};
	objectVersion = 55;
	objects = {

/* Begin PBXBuildFile section */
		64857E8B61F02F69A6A699D4 /* Pods_Fooder.framework in Frameworks */ = {isa = PBXBuildFile; fileRef = 5A28FE110FF4EFF8FFDD6F42 /* Pods_Fooder.framework */; };
		8C091F0D2734151F0076399B /* HeaderCVC.swift in Sources */ = {isa = PBXBuildFile; fileRef = 8C091F0B2734151F0076399B /* HeaderCVC.swift */; };
		8C091F0E2734151F0076399B /* HeaderCVC.xib in Resources */ = {isa = PBXBuildFile; fileRef = 8C091F0C2734151F0076399B /* HeaderCVC.xib */; };
		8C091F132734D11A0076399B /* SeeMoreVC.swift in Sources */ = {isa = PBXBuildFile; fileRef = 8C091F112734D11A0076399B /* SeeMoreVC.swift */; };
		8C091F142734D11A0076399B /* SeeMoreVC.xib in Resources */ = {isa = PBXBuildFile; fileRef = 8C091F122734D11A0076399B /* SeeMoreVC.xib */; };
		8C24933027304FC90092177D /* AppDelegate.swift in Sources */ = {isa = PBXBuildFile; fileRef = 8C24932F27304FC90092177D /* AppDelegate.swift */; };
		8C24933927304FCA0092177D /* Assets.xcassets in Resources */ = {isa = PBXBuildFile; fileRef = 8C24933827304FCA0092177D /* Assets.xcassets */; };
		8C24933C27304FCA0092177D /* LaunchScreen.storyboard in Resources */ = {isa = PBXBuildFile; fileRef = 8C24933A27304FCA0092177D /* LaunchScreen.storyboard */; };
		8C249348273124B70092177D /* RegisterVC.swift in Sources */ = {isa = PBXBuildFile; fileRef = 8C249346273124B70092177D /* RegisterVC.swift */; };
		8C249349273124B70092177D /* RegisterVC.xib in Resources */ = {isa = PBXBuildFile; fileRef = 8C249347273124B70092177D /* RegisterVC.xib */; };
		8C24934D2731252F0092177D /* RedVC.swift in Sources */ = {isa = PBXBuildFile; fileRef = 8C24934B2731252F0092177D /* RedVC.swift */; };
		8C24934E2731252F0092177D /* RedVC.xib in Resources */ = {isa = PBXBuildFile; fileRef = 8C24934C2731252F0092177D /* RedVC.xib */; };
		8C24935027312DF20092177D /* Color.swift in Sources */ = {isa = PBXBuildFile; fileRef = 8C24934F27312DF20092177D /* Color.swift */; };
		8C24935327313BB20092177D /* MainTBC.swift in Sources */ = {isa = PBXBuildFile; fileRef = 8C24935227313BB20092177D /* MainTBC.swift */; };
		8C24935E2731424A0092177D /* HomeVC.swift in Sources */ = {isa = PBXBuildFile; fileRef = 8C24935C2731424A0092177D /* HomeVC.swift */; };
		8C24935F2731424A0092177D /* HomeVC.xib in Resources */ = {isa = PBXBuildFile; fileRef = 8C24935D2731424A0092177D /* HomeVC.xib */; };
		8C249362273142630092177D /* HeartVC.swift in Sources */ = {isa = PBXBuildFile; fileRef = 8C249360273142630092177D /* HeartVC.swift */; };
		8C249363273142630092177D /* HeartVC.xib in Resources */ = {isa = PBXBuildFile; fileRef = 8C249361273142630092177D /* HeartVC.xib */; };
		8C249366273142770092177D /* PersonVC.swift in Sources */ = {isa = PBXBuildFile; fileRef = 8C249364273142770092177D /* PersonVC.swift */; };
		8C249367273142770092177D /* PersonVC.xib in Resources */ = {isa = PBXBuildFile; fileRef = 8C249365273142770092177D /* PersonVC.xib */; };
		8C24936A273142860092177D /* HistoryVC.swift in Sources */ = {isa = PBXBuildFile; fileRef = 8C249368273142860092177D /* HistoryVC.swift */; };
		8C24936B273142860092177D /* HistoryVC.xib in Resources */ = {isa = PBXBuildFile; fileRef = 8C249369273142860092177D /* HistoryVC.xib */; };
		8C5BDF94274377A500BEE665 /* CardVC.swift in Sources */ = {isa = PBXBuildFile; fileRef = 8C5BDF92274377A500BEE665 /* CardVC.swift */; };
		8C5BDF95274377A500BEE665 /* CardVC.xib in Resources */ = {isa = PBXBuildFile; fileRef = 8C5BDF93274377A500BEE665 /* CardVC.xib */; };
		8C5BDF9827437C2200BEE665 /* CardTVC.swift in Sources */ = {isa = PBXBuildFile; fileRef = 8C5BDF9627437C2200BEE665 /* CardTVC.swift */; };
		8C5BDF9927437C2200BEE665 /* CardTVC.xib in Resources */ = {isa = PBXBuildFile; fileRef = 8C5BDF9727437C2200BEE665 /* CardTVC.xib */; };
		8C5EF2DF274613A100D52263 /* PersonTVC.swift in Sources */ = {isa = PBXBuildFile; fileRef = 8C5EF2DD274613A100D52263 /* PersonTVC.swift */; };
		8C5EF2E0274613A100D52263 /* PersonTVC.xib in Resources */ = {isa = PBXBuildFile; fileRef = 8C5EF2DE274613A100D52263 /* PersonTVC.xib */; };
		8C794F1F27466A9400FE2460 /* ProductSM.swift in Sources */ = {isa = PBXBuildFile; fileRef = 8C794F1E27466A9400FE2460 /* ProductSM.swift */; };
		8C7F99B127353C1C00866B6C /* SelectedProductVC.swift in Sources */ = {isa = PBXBuildFile; fileRef = 8C7F99AF27353C1C00866B6C /* SelectedProductVC.swift */; };
		8C7F99B227353C1C00866B6C /* SelectedProductVC.xib in Resources */ = {isa = PBXBuildFile; fileRef = 8C7F99B027353C1C00866B6C /* SelectedProductVC.xib */; };
		8C8435D5273166200094D179 /* UserPassword.swift in Sources */ = {isa = PBXBuildFile; fileRef = 8C8435D4273166200094D179 /* UserPassword.swift */; };
		8C8435D82731700F0094D179 /* API.swift in Sources */ = {isa = PBXBuildFile; fileRef = 8C8435D72731700F0094D179 /* API.swift */; };
		8C8435DA27322C5D0094D179 /* URL.swift in Sources */ = {isa = PBXBuildFile; fileRef = 8C8435D927322C5D0094D179 /* URL.swift */; };
		8C8435E2273260880094D179 /* ProductsCVC.swift in Sources */ = {isa = PBXBuildFile; fileRef = 8C8435E0273260880094D179 /* ProductsCVC.swift */; };
		8C8435E3273260880094D179 /* ProductsCVC.xib in Resources */ = {isa = PBXBuildFile; fileRef = 8C8435E1273260880094D179 /* ProductsCVC.xib */; };
		8C9BB8B62736DACA0043E9D7 /* Cache.swift in Sources */ = {isa = PBXBuildFile; fileRef = 8C9BB8B52736DACA0043E9D7 /* Cache.swift */; };
		8C9BB8BB2736F7780043E9D7 /* ProductDM.swift in Sources */ = {isa = PBXBuildFile; fileRef = 8C9BB8BA2736F7780043E9D7 /* ProductDM.swift */; };
		8C9BB8BD2737D9D00043E9D7 /* CategoryDM.swift in Sources */ = {isa = PBXBuildFile; fileRef = 8C9BB8BC2737D9D00043E9D7 /* CategoryDM.swift */; };
		8C9BB8C527392B790043E9D7 /* SelectedProductCell.swift in Sources */ = {isa = PBXBuildFile; fileRef = 8C9BB8C327392B790043E9D7 /* SelectedProductCell.swift */; };
		8C9BB8C627392B790043E9D7 /* SelectedProductCell.xib in Resources */ = {isa = PBXBuildFile; fileRef = 8C9BB8C427392B790043E9D7 /* SelectedProductCell.xib */; };
		8CCE1C6E273C3ED900C884AA /* AppRealm.swift in Sources */ = {isa = PBXBuildFile; fileRef = 8CCE1C6D273C3ED900C884AA /* AppRealm.swift */; };
/* End PBXBuildFile section */

/* Begin PBXFileReference section */
		5A28FE110FF4EFF8FFDD6F42 /* Pods_Fooder.framework */ = {isa = PBXFileReference; explicitFileType = wrapper.framework; includeInIndex = 0; path = Pods_Fooder.framework; sourceTree = BUILT_PRODUCTS_DIR; };
		8C091F0B2734151F0076399B /* HeaderCVC.swift */ = {isa = PBXFileReference; lastKnownFileType = sourcecode.swift; path = HeaderCVC.swift; sourceTree = "<group>"; };
		8C091F0C2734151F0076399B /* HeaderCVC.xib */ = {isa = PBXFileReference; lastKnownFileType = file.xib; path = HeaderCVC.xib; sourceTree = "<group>"; };
		8C091F112734D11A0076399B /* SeeMoreVC.swift */ = {isa = PBXFileReference; lastKnownFileType = sourcecode.swift; path = SeeMoreVC.swift; sourceTree = "<group>"; };
		8C091F122734D11A0076399B /* SeeMoreVC.xib */ = {isa = PBXFileReference; lastKnownFileType = file.xib; path = SeeMoreVC.xib; sourceTree = "<group>"; };
		8C24932C27304FC90092177D /* Fooder.app */ = {isa = PBXFileReference; explicitFileType = wrapper.application; includeInIndex = 0; path = Fooder.app; sourceTree = BUILT_PRODUCTS_DIR; };
		8C24932F27304FC90092177D /* AppDelegate.swift */ = {isa = PBXFileReference; lastKnownFileType = sourcecode.swift; path = AppDelegate.swift; sourceTree = "<group>"; };
		8C24933827304FCA0092177D /* Assets.xcassets */ = {isa = PBXFileReference; lastKnownFileType = folder.assetcatalog; path = Assets.xcassets; sourceTree = "<group>"; };
		8C24933B27304FCA0092177D /* Base */ = {isa = PBXFileReference; lastKnownFileType = file.storyboard; name = Base; path = Base.lproj/LaunchScreen.storyboard; sourceTree = "<group>"; };
		8C24933D27304FCA0092177D /* Info.plist */ = {isa = PBXFileReference; lastKnownFileType = text.plist.xml; path = Info.plist; sourceTree = "<group>"; };
		8C249346273124B70092177D /* RegisterVC.swift */ = {isa = PBXFileReference; lastKnownFileType = sourcecode.swift; path = RegisterVC.swift; sourceTree = "<group>"; };
		8C249347273124B70092177D /* RegisterVC.xib */ = {isa = PBXFileReference; lastKnownFileType = file.xib; path = RegisterVC.xib; sourceTree = "<group>"; };
		8C24934B2731252F0092177D /* RedVC.swift */ = {isa = PBXFileReference; lastKnownFileType = sourcecode.swift; path = RedVC.swift; sourceTree = "<group>"; };
		8C24934C2731252F0092177D /* RedVC.xib */ = {isa = PBXFileReference; lastKnownFileType = file.xib; path = RedVC.xib; sourceTree = "<group>"; };
		8C24934F27312DF20092177D /* Color.swift */ = {isa = PBXFileReference; lastKnownFileType = sourcecode.swift; path = Color.swift; sourceTree = "<group>"; };
		8C24935227313BB20092177D /* MainTBC.swift */ = {isa = PBXFileReference; lastKnownFileType = sourcecode.swift; path = MainTBC.swift; sourceTree = "<group>"; };
		8C24935C2731424A0092177D /* HomeVC.swift */ = {isa = PBXFileReference; lastKnownFileType = sourcecode.swift; path = HomeVC.swift; sourceTree = "<group>"; };
		8C24935D2731424A0092177D /* HomeVC.xib */ = {isa = PBXFileReference; lastKnownFileType = file.xib; path = HomeVC.xib; sourceTree = "<group>"; };
		8C249360273142630092177D /* HeartVC.swift */ = {isa = PBXFileReference; lastKnownFileType = sourcecode.swift; path = HeartVC.swift; sourceTree = "<group>"; };
		8C249361273142630092177D /* HeartVC.xib */ = {isa = PBXFileReference; lastKnownFileType = file.xib; path = HeartVC.xib; sourceTree = "<group>"; };
		8C249364273142770092177D /* PersonVC.swift */ = {isa = PBXFileReference; lastKnownFileType = sourcecode.swift; path = PersonVC.swift; sourceTree = "<group>"; };
		8C249365273142770092177D /* PersonVC.xib */ = {isa = PBXFileReference; lastKnownFileType = file.xib; path = PersonVC.xib; sourceTree = "<group>"; };
		8C249368273142860092177D /* HistoryVC.swift */ = {isa = PBXFileReference; lastKnownFileType = sourcecode.swift; path = HistoryVC.swift; sourceTree = "<group>"; };
		8C249369273142860092177D /* HistoryVC.xib */ = {isa = PBXFileReference; lastKnownFileType = file.xib; path = HistoryVC.xib; sourceTree = "<group>"; };
		8C5BDF92274377A500BEE665 /* CardVC.swift */ = {isa = PBXFileReference; lastKnownFileType = sourcecode.swift; path = CardVC.swift; sourceTree = "<group>"; };
		8C5BDF93274377A500BEE665 /* CardVC.xib */ = {isa = PBXFileReference; lastKnownFileType = file.xib; path = CardVC.xib; sourceTree = "<group>"; };
		8C5BDF9627437C2200BEE665 /* CardTVC.swift */ = {isa = PBXFileReference; lastKnownFileType = sourcecode.swift; path = CardTVC.swift; sourceTree = "<group>"; };
		8C5BDF9727437C2200BEE665 /* CardTVC.xib */ = {isa = PBXFileReference; lastKnownFileType = file.xib; path = CardTVC.xib; sourceTree = "<group>"; };
		8C5EF2DD274613A100D52263 /* PersonTVC.swift */ = {isa = PBXFileReference; lastKnownFileType = sourcecode.swift; path = PersonTVC.swift; sourceTree = "<group>"; };
		8C5EF2DE274613A100D52263 /* PersonTVC.xib */ = {isa = PBXFileReference; lastKnownFileType = file.xib; path = PersonTVC.xib; sourceTree = "<group>"; };
		8C794F1E27466A9400FE2460 /* ProductSM.swift */ = {isa = PBXFileReference; lastKnownFileType = sourcecode.swift; path = ProductSM.swift; sourceTree = "<group>"; };
		8C7F99AF27353C1C00866B6C /* SelectedProductVC.swift */ = {isa = PBXFileReference; lastKnownFileType = sourcecode.swift; path = SelectedProductVC.swift; sourceTree = "<group>"; };
		8C7F99B027353C1C00866B6C /* SelectedProductVC.xib */ = {isa = PBXFileReference; lastKnownFileType = file.xib; path = SelectedProductVC.xib; sourceTree = "<group>"; };
		8C8435D4273166200094D179 /* UserPassword.swift */ = {isa = PBXFileReference; lastKnownFileType = sourcecode.swift; path = UserPassword.swift; sourceTree = "<group>"; };
		8C8435D72731700F0094D179 /* API.swift */ = {isa = PBXFileReference; lastKnownFileType = sourcecode.swift; path = API.swift; sourceTree = "<group>"; };
		8C8435D927322C5D0094D179 /* URL.swift */ = {isa = PBXFileReference; lastKnownFileType = sourcecode.swift; path = URL.swift; sourceTree = "<group>"; };
		8C8435E0273260880094D179 /* ProductsCVC.swift */ = {isa = PBXFileReference; lastKnownFileType = sourcecode.swift; path = ProductsCVC.swift; sourceTree = "<group>"; };
		8C8435E1273260880094D179 /* ProductsCVC.xib */ = {isa = PBXFileReference; lastKnownFileType = file.xib; path = ProductsCVC.xib; sourceTree = "<group>"; };
		8C9BB8B52736DACA0043E9D7 /* Cache.swift */ = {isa = PBXFileReference; lastKnownFileType = sourcecode.swift; path = Cache.swift; sourceTree = "<group>"; };
		8C9BB8BA2736F7780043E9D7 /* ProductDM.swift */ = {isa = PBXFileReference; lastKnownFileType = sourcecode.swift; path = ProductDM.swift; sourceTree = "<group>"; };
		8C9BB8BC2737D9D00043E9D7 /* CategoryDM.swift */ = {isa = PBXFileReference; lastKnownFileType = sourcecode.swift; path = CategoryDM.swift; sourceTree = "<group>"; };
		8C9BB8C327392B790043E9D7 /* SelectedProductCell.swift */ = {isa = PBXFileReference; lastKnownFileType = sourcecode.swift; path = SelectedProductCell.swift; sourceTree = "<group>"; };
		8C9BB8C427392B790043E9D7 /* SelectedProductCell.xib */ = {isa = PBXFileReference; lastKnownFileType = file.xib; path = SelectedProductCell.xib; sourceTree = "<group>"; };
		8CCE1C6D273C3ED900C884AA /* AppRealm.swift */ = {isa = PBXFileReference; lastKnownFileType = sourcecode.swift; path = AppRealm.swift; sourceTree = "<group>"; };
		A369CC205E6874E2331EF9B6 /* Pods-Fooder.release.xcconfig */ = {isa = PBXFileReference; includeInIndex = 1; lastKnownFileType = text.xcconfig; name = "Pods-Fooder.release.xcconfig"; path = "Target Support Files/Pods-Fooder/Pods-Fooder.release.xcconfig"; sourceTree = "<group>"; };
		C138D5A18897ED2A0C8274E4 /* Pods-Fooder.debug.xcconfig */ = {isa = PBXFileReference; includeInIndex = 1; lastKnownFileType = text.xcconfig; name = "Pods-Fooder.debug.xcconfig"; path = "Target Support Files/Pods-Fooder/Pods-Fooder.debug.xcconfig"; sourceTree = "<group>"; };
/* End PBXFileReference section */

/* Begin PBXFrameworksBuildPhase section */
		8C24932927304FC90092177D /* Frameworks */ = {
			isa = PBXFrameworksBuildPhase;
			buildActionMask = 2147483647;
			files = (
				64857E8B61F02F69A6A699D4 /* Pods_Fooder.framework in Frameworks */,
			);
			runOnlyForDeploymentPostprocessing = 0;
		};
/* End PBXFrameworksBuildPhase section */

/* Begin PBXGroup section */
		8C091F102734D0E80076399B /* SeeMoreVC */ = {
			isa = PBXGroup;
			children = (
				8C091F112734D11A0076399B /* SeeMoreVC.swift */,
				8C091F122734D11A0076399B /* SeeMoreVC.xib */,
			);
			path = SeeMoreVC;
			sourceTree = "<group>";
		};
		8C24932327304FC90092177D = {
			isa = PBXGroup;
			children = (
				8C24932E27304FC90092177D /* Fooder */,
				8C24932D27304FC90092177D /* Products */,
				D7DF8F4106E1EE8C80429D23 /* Pods */,
				FA702D4E2C7ED1E19292E954 /* Frameworks */,
			);
			sourceTree = "<group>";
		};
		8C24932D27304FC90092177D /* Products */ = {
			isa = PBXGroup;
			children = (
				8C24932C27304FC90092177D /* Fooder.app */,
			);
			name = Products;
			sourceTree = "<group>";
		};
		8C24932E27304FC90092177D /* Fooder */ = {
			isa = PBXGroup;
			children = (
				8C8435D627316F200094D179 /* Networking */,
				8C249343273124010092177D /* Model */,
				8C2493442731240A0092177D /* View */,
				8C249345273124140092177D /* Controller */,
				8C24933827304FCA0092177D /* Assets.xcassets */,
				8C24933A27304FCA0092177D /* LaunchScreen.storyboard */,
				8C24933D27304FCA0092177D /* Info.plist */,
			);
			path = Fooder;
			sourceTree = "<group>";
		};
		8C249343273124010092177D /* Model */ = {
			isa = PBXGroup;
			children = (
				8C9BB8BA2736F7780043E9D7 /* ProductDM.swift */,
				8C794F1E27466A9400FE2460 /* ProductSM.swift */,
				8C9BB8BC2737D9D00043E9D7 /* CategoryDM.swift */,
				8C9BB8B72736EDC50043E9D7 /* AppDM */,
			);
			path = Model;
			sourceTree = "<group>";
		};
		8C2493442731240A0092177D /* View */ = {
			isa = PBXGroup;
			children = (
			);
			path = View;
			sourceTree = "<group>";
		};
		8C249345273124140092177D /* Controller */ = {
			isa = PBXGroup;
			children = (
				8C24932F27304FC90092177D /* AppDelegate.swift */,
				8C24934A273124D50092177D /* RegisterVC */,
				8C24935127313B6F0092177D /* MainTVC */,
				8C249355273141BE0092177D /* MainVC */,
				8C091F102734D0E80076399B /* SeeMoreVC */,
				8C7F99AE27353ABC00866B6C /* SelectedProduct */,
				8C5BDF912743778600BEE665 /* CardVC */,
			);
			path = Controller;
			sourceTree = "<group>";
		};
		8C24934A273124D50092177D /* RegisterVC */ = {
			isa = PBXGroup;
			children = (
				8C24934B2731252F0092177D /* RedVC.swift */,
				8C24934C2731252F0092177D /* RedVC.xib */,
				8C249346273124B70092177D /* RegisterVC.swift */,
				8C249347273124B70092177D /* RegisterVC.xib */,
			);
			path = RegisterVC;
			sourceTree = "<group>";
		};
		8C24935127313B6F0092177D /* MainTVC */ = {
			isa = PBXGroup;
			children = (
				8C24935227313BB20092177D /* MainTBC.swift */,
			);
			path = MainTVC;
			sourceTree = "<group>";
		};
		8C249355273141BE0092177D /* MainVC */ = {
			isa = PBXGroup;
			children = (
				8C249356273141F00092177D /* HomeVC */,
				8C249357273141F90092177D /* HeartVC */,
				8C249358273142030092177D /* PersonVC */,
				8C2493592731420C0092177D /* HistoryVC */,
			);
			path = MainVC;
			sourceTree = "<group>";
		};
		8C249356273141F00092177D /* HomeVC */ = {
			isa = PBXGroup;
			children = (
				8C24935C2731424A0092177D /* HomeVC.swift */,
				8C24935D2731424A0092177D /* HomeVC.xib */,
				8C8435DB27325FD80094D179 /* Cell */,
			);
			path = HomeVC;
			sourceTree = "<group>";
		};
		8C249357273141F90092177D /* HeartVC */ = {
			isa = PBXGroup;
			children = (
				8C249360273142630092177D /* HeartVC.swift */,
				8C249361273142630092177D /* HeartVC.xib */,
			);
			path = HeartVC;
			sourceTree = "<group>";
		};
		8C249358273142030092177D /* PersonVC */ = {
			isa = PBXGroup;
			children = (
				8C249364273142770092177D /* PersonVC.swift */,
				8C249365273142770092177D /* PersonVC.xib */,
				8C5EF2DC2746137800D52263 /* PersonTVC */,
			);
			path = PersonVC;
			sourceTree = "<group>";
		};
		8C2493592731420C0092177D /* HistoryVC */ = {
			isa = PBXGroup;
			children = (
				8C249368273142860092177D /* HistoryVC.swift */,
				8C249369273142860092177D /* HistoryVC.xib */,
			);
			path = HistoryVC;
			sourceTree = "<group>";
		};
		8C5BDF912743778600BEE665 /* CardVC */ = {
			isa = PBXGroup;
			children = (
				8C5BDF92274377A500BEE665 /* CardVC.swift */,
				8C5BDF93274377A500BEE665 /* CardVC.xib */,
				8C5BDF9627437C2200BEE665 /* CardTVC.swift */,
				8C5BDF9727437C2200BEE665 /* CardTVC.xib */,
			);
			path = CardVC;
			sourceTree = "<group>";
		};
		8C5EF2DC2746137800D52263 /* PersonTVC */ = {
			isa = PBXGroup;
			children = (
				8C5EF2DD274613A100D52263 /* PersonTVC.swift */,
				8C5EF2DE274613A100D52263 /* PersonTVC.xib */,
			);
			path = PersonTVC;
			sourceTree = "<group>";
		};
		8C7F99AE27353ABC00866B6C /* SelectedProduct */ = {
			isa = PBXGroup;
			children = (
				8C7F99AF27353C1C00866B6C /* SelectedProductVC.swift */,
				8C7F99B027353C1C00866B6C /* SelectedProductVC.xib */,
				8C9BB8C227392B490043E9D7 /* CellForSelectedVC */,
			);
			path = SelectedProduct;
			sourceTree = "<group>";
		};
		8C8435D627316F200094D179 /* Networking */ = {
			isa = PBXGroup;
			children = (
				8C8435D72731700F0094D179 /* API.swift */,
				8C8435D927322C5D0094D179 /* URL.swift */,
			);
			path = Networking;
			sourceTree = "<group>";
		};
		8C8435DB27325FD80094D179 /* Cell */ = {
			isa = PBXGroup;
			children = (
				8C8435E0273260880094D179 /* ProductsCVC.swift */,
				8C8435E1273260880094D179 /* ProductsCVC.xib */,
				8C091F0B2734151F0076399B /* HeaderCVC.swift */,
				8C091F0C2734151F0076399B /* HeaderCVC.xib */,
			);
			path = Cell;
			sourceTree = "<group>";
		};
		8C9BB8B72736EDC50043E9D7 /* AppDM */ = {
			isa = PBXGroup;
			children = (
				8C24934F27312DF20092177D /* Color.swift */,
				8C8435D4273166200094D179 /* UserPassword.swift */,
				8CCE1C6D273C3ED900C884AA /* AppRealm.swift */,
				8C9BB8B52736DACA0043E9D7 /* Cache.swift */,
			);
			path = AppDM;
			sourceTree = "<group>";
		};
		8C9BB8C227392B490043E9D7 /* CellForSelectedVC */ = {
			isa = PBXGroup;
			children = (
				8C9BB8C327392B790043E9D7 /* SelectedProductCell.swift */,
				8C9BB8C427392B790043E9D7 /* SelectedProductCell.xib */,
			);
			path = CellForSelectedVC;
			sourceTree = "<group>";
		};
		D7DF8F4106E1EE8C80429D23 /* Pods */ = {
			isa = PBXGroup;
			children = (
				C138D5A18897ED2A0C8274E4 /* Pods-Fooder.debug.xcconfig */,
				A369CC205E6874E2331EF9B6 /* Pods-Fooder.release.xcconfig */,
			);
			path = Pods;
			sourceTree = "<group>";
		};
		FA702D4E2C7ED1E19292E954 /* Frameworks */ = {
			isa = PBXGroup;
			children = (
				5A28FE110FF4EFF8FFDD6F42 /* Pods_Fooder.framework */,
			);
			name = Frameworks;
			sourceTree = "<group>";
		};
/* End PBXGroup section */

/* Begin PBXNativeTarget section */
		8C24932B27304FC90092177D /* Fooder */ = {
			isa = PBXNativeTarget;
			buildConfigurationList = 8C24934027304FCA0092177D /* Build configuration list for PBXNativeTarget "Fooder" */;
			buildPhases = (
				BA470445B9F2ACDE4AC2D9A1 /* [CP] Check Pods Manifest.lock */,
				8C24932827304FC90092177D /* Sources */,
				8C24932927304FC90092177D /* Frameworks */,
				8C24932A27304FC90092177D /* Resources */,
				409A0F285D2F2F9E46644354 /* [CP] Embed Pods Frameworks */,
			);
			buildRules = (
			);
			dependencies = (
			);
			name = Fooder;
			productName = Fooder;
			productReference = 8C24932C27304FC90092177D /* Fooder.app */;
			productType = "com.apple.product-type.application";
		};
/* End PBXNativeTarget section */

/* Begin PBXProject section */
		8C24932427304FC90092177D /* Project object */ = {
			isa = PBXProject;
			attributes = {
				BuildIndependentTargetsInParallel = 1;
				LastSwiftUpdateCheck = 1300;
				LastUpgradeCheck = 1300;
				TargetAttributes = {
					8C24932B27304FC90092177D = {
						CreatedOnToolsVersion = 13.0;
					};
				};
			};
			buildConfigurationList = 8C24932727304FC90092177D /* Build configuration list for PBXProject "Fooder" */;
			compatibilityVersion = "Xcode 13.0";
			developmentRegion = en;
			hasScannedForEncodings = 0;
			knownRegions = (
				en,
				Base,
			);
			mainGroup = 8C24932327304FC90092177D;
			productRefGroup = 8C24932D27304FC90092177D /* Products */;
			projectDirPath = "";
			projectRoot = "";
			targets = (
				8C24932B27304FC90092177D /* Fooder */,
			);
		};
/* End PBXProject section */

/* Begin PBXResourcesBuildPhase section */
		8C24932A27304FC90092177D /* Resources */ = {
			isa = PBXResourcesBuildPhase;
			buildActionMask = 2147483647;
			files = (
				8C249349273124B70092177D /* RegisterVC.xib in Resources */,
				8C24936B273142860092177D /* HistoryVC.xib in Resources */,
				8C5EF2E0274613A100D52263 /* PersonTVC.xib in Resources */,
				8C5BDF95274377A500BEE665 /* CardVC.xib in Resources */,
				8C091F142734D11A0076399B /* SeeMoreVC.xib in Resources */,
				8C5BDF9927437C2200BEE665 /* CardTVC.xib in Resources */,
				8C24933C27304FCA0092177D /* LaunchScreen.storyboard in Resources */,
				8C9BB8C627392B790043E9D7 /* SelectedProductCell.xib in Resources */,
				8C091F0E2734151F0076399B /* HeaderCVC.xib in Resources */,
				8C7F99B227353C1C00866B6C /* SelectedProductVC.xib in Resources */,
				8C24935F2731424A0092177D /* HomeVC.xib in Resources */,
				8C24934E2731252F0092177D /* RedVC.xib in Resources */,
				8C24933927304FCA0092177D /* Assets.xcassets in Resources */,
				8C249363273142630092177D /* HeartVC.xib in Resources */,
				8C8435E3273260880094D179 /* ProductsCVC.xib in Resources */,
				8C249367273142770092177D /* PersonVC.xib in Resources */,
			);
			runOnlyForDeploymentPostprocessing = 0;
		};
/* End PBXResourcesBuildPhase section */

/* Begin PBXShellScriptBuildPhase section */
		409A0F285D2F2F9E46644354 /* [CP] Embed Pods Frameworks */ = {
			isa = PBXShellScriptBuildPhase;
			buildActionMask = 2147483647;
			files = (
			);
			inputFileListPaths = (
				"${PODS_ROOT}/Target Support Files/Pods-Fooder/Pods-Fooder-frameworks-${CONFIGURATION}-input-files.xcfilelist",
			);
			name = "[CP] Embed Pods Frameworks";
			outputFileListPaths = (
				"${PODS_ROOT}/Target Support Files/Pods-Fooder/Pods-Fooder-frameworks-${CONFIGURATION}-output-files.xcfilelist",
			);
			runOnlyForDeploymentPostprocessing = 0;
			shellPath = /bin/sh;
			shellScript = "\"${PODS_ROOT}/Target Support Files/Pods-Fooder/Pods-Fooder-frameworks.sh\"\n";
			showEnvVarsInLog = 0;
		};
		BA470445B9F2ACDE4AC2D9A1 /* [CP] Check Pods Manifest.lock */ = {
			isa = PBXShellScriptBuildPhase;
			buildActionMask = 2147483647;
			files = (
			);
			inputFileListPaths = (
			);
			inputPaths = (
				"${PODS_PODFILE_DIR_PATH}/Podfile.lock",
				"${PODS_ROOT}/Manifest.lock",
			);
			name = "[CP] Check Pods Manifest.lock";
			outputFileListPaths = (
			);
			outputPaths = (
				"$(DERIVED_FILE_DIR)/Pods-Fooder-checkManifestLockResult.txt",
			);
			runOnlyForDeploymentPostprocessing = 0;
			shellPath = /bin/sh;
			shellScript = "diff \"${PODS_PODFILE_DIR_PATH}/Podfile.lock\" \"${PODS_ROOT}/Manifest.lock\" > /dev/null\nif [ $? != 0 ] ; then\n    # print error to STDERR\n    echo \"error: The sandbox is not in sync with the Podfile.lock. Run 'pod install' or update your CocoaPods installation.\" >&2\n    exit 1\nfi\n# This output is used by Xcode 'outputs' to avoid re-running this script phase.\necho \"SUCCESS\" > \"${SCRIPT_OUTPUT_FILE_0}\"\n";
			showEnvVarsInLog = 0;
		};
/* End PBXShellScriptBuildPhase section */

/* Begin PBXSourcesBuildPhase section */
		8C24932827304FC90092177D /* Sources */ = {
			isa = PBXSourcesBuildPhase;
			buildActionMask = 2147483647;
			files = (
				8C091F132734D11A0076399B /* SeeMoreVC.swift in Sources */,
				8C24935327313BB20092177D /* MainTBC.swift in Sources */,
				8CCE1C6E273C3ED900C884AA /* AppRealm.swift in Sources */,
				8C5BDF9827437C2200BEE665 /* CardTVC.swift in Sources */,
				8C249366273142770092177D /* PersonVC.swift in Sources */,
				8C8435DA27322C5D0094D179 /* URL.swift in Sources */,
				8C24933027304FC90092177D /* AppDelegate.swift in Sources */,
				8C24935027312DF20092177D /* Color.swift in Sources */,
				8C24935E2731424A0092177D /* HomeVC.swift in Sources */,
				8C794F1F27466A9400FE2460 /* ProductSM.swift in Sources */,
				8C249362273142630092177D /* HeartVC.swift in Sources */,
				8C9BB8C527392B790043E9D7 /* SelectedProductCell.swift in Sources */,
				8C24934D2731252F0092177D /* RedVC.swift in Sources */,
				8C8435D82731700F0094D179 /* API.swift in Sources */,
				8C5BDF94274377A500BEE665 /* CardVC.swift in Sources */,
				8C9BB8BD2737D9D00043E9D7 /* CategoryDM.swift in Sources */,
				8C9BB8B62736DACA0043E9D7 /* Cache.swift in Sources */,
				8C8435E2273260880094D179 /* ProductsCVC.swift in Sources */,
				8C9BB8BB2736F7780043E9D7 /* ProductDM.swift in Sources */,
				8C24936A273142860092177D /* HistoryVC.swift in Sources */,
				8C249348273124B70092177D /* RegisterVC.swift in Sources */,
				8C7F99B127353C1C00866B6C /* SelectedProductVC.swift in Sources */,
				8C8435D5273166200094D179 /* UserPassword.swift in Sources */,
				8C5EF2DF274613A100D52263 /* PersonTVC.swift in Sources */,
				8C091F0D2734151F0076399B /* HeaderCVC.swift in Sources */,
			);
			runOnlyForDeploymentPostprocessing = 0;
		};
/* End PBXSourcesBuildPhase section */

/* Begin PBXVariantGroup section */
		8C24933A27304FCA0092177D /* LaunchScreen.storyboard */ = {
			isa = PBXVariantGroup;
			children = (
				8C24933B27304FCA0092177D /* Base */,
			);
			name = LaunchScreen.storyboard;
			sourceTree = "<group>";
		};
/* End PBXVariantGroup section */

/* Begin XCBuildConfiguration section */
		8C24933E27304FCA0092177D /* Debug */ = {
			isa = XCBuildConfiguration;
			buildSettings = {
				ALWAYS_SEARCH_USER_PATHS = NO;
				CLANG_ANALYZER_NONNULL = YES;
				CLANG_ANALYZER_NUMBER_OBJECT_CONVERSION = YES_AGGRESSIVE;
				CLANG_CXX_LANGUAGE_STANDARD = "gnu++17";
				CLANG_CXX_LIBRARY = "libc++";
				CLANG_ENABLE_MODULES = YES;
				CLANG_ENABLE_OBJC_ARC = YES;
				CLANG_ENABLE_OBJC_WEAK = YES;
				CLANG_WARN_BLOCK_CAPTURE_AUTORELEASING = YES;
				CLANG_WARN_BOOL_CONVERSION = YES;
				CLANG_WARN_COMMA = YES;
				CLANG_WARN_CONSTANT_CONVERSION = YES;
				CLANG_WARN_DEPRECATED_OBJC_IMPLEMENTATIONS = YES;
				CLANG_WARN_DIRECT_OBJC_ISA_USAGE = YES_ERROR;
				CLANG_WARN_DOCUMENTATION_COMMENTS = YES;
				CLANG_WARN_EMPTY_BODY = YES;
				CLANG_WARN_ENUM_CONVERSION = YES;
				CLANG_WARN_INFINITE_RECURSION = YES;
				CLANG_WARN_INT_CONVERSION = YES;
				CLANG_WARN_NON_LITERAL_NULL_CONVERSION = YES;
				CLANG_WARN_OBJC_IMPLICIT_RETAIN_SELF = YES;
				CLANG_WARN_OBJC_LITERAL_CONVERSION = YES;
				CLANG_WARN_OBJC_ROOT_CLASS = YES_ERROR;
				CLANG_WARN_QUOTED_INCLUDE_IN_FRAMEWORK_HEADER = YES;
				CLANG_WARN_RANGE_LOOP_ANALYSIS = YES;
				CLANG_WARN_STRICT_PROTOTYPES = YES;
				CLANG_WARN_SUSPICIOUS_MOVE = YES;
				CLANG_WARN_UNGUARDED_AVAILABILITY = YES_AGGRESSIVE;
				CLANG_WARN_UNREACHABLE_CODE = YES;
				CLANG_WARN__DUPLICATE_METHOD_MATCH = YES;
				COPY_PHASE_STRIP = NO;
				DEBUG_INFORMATION_FORMAT = dwarf;
				ENABLE_STRICT_OBJC_MSGSEND = YES;
				ENABLE_TESTABILITY = YES;
				GCC_C_LANGUAGE_STANDARD = gnu11;
				GCC_DYNAMIC_NO_PIC = NO;
				GCC_NO_COMMON_BLOCKS = YES;
				GCC_OPTIMIZATION_LEVEL = 0;
				GCC_PREPROCESSOR_DEFINITIONS = (
					"DEBUG=1",
					"$(inherited)",
				);
				GCC_WARN_64_TO_32_BIT_CONVERSION = YES;
				GCC_WARN_ABOUT_RETURN_TYPE = YES_ERROR;
				GCC_WARN_UNDECLARED_SELECTOR = YES;
				GCC_WARN_UNINITIALIZED_AUTOS = YES_AGGRESSIVE;
				GCC_WARN_UNUSED_FUNCTION = YES;
				GCC_WARN_UNUSED_VARIABLE = YES;
				IPHONEOS_DEPLOYMENT_TARGET = 15.0;
				MTL_ENABLE_DEBUG_INFO = INCLUDE_SOURCE;
				MTL_FAST_MATH = YES;
				ONLY_ACTIVE_ARCH = YES;
				SDKROOT = iphoneos;
				SWIFT_ACTIVE_COMPILATION_CONDITIONS = DEBUG;
				SWIFT_OPTIMIZATION_LEVEL = "-Onone";
			};
			name = Debug;
		};
		8C24933F27304FCA0092177D /* Release */ = {
			isa = XCBuildConfiguration;
			buildSettings = {
				ALWAYS_SEARCH_USER_PATHS = NO;
				CLANG_ANALYZER_NONNULL = YES;
				CLANG_ANALYZER_NUMBER_OBJECT_CONVERSION = YES_AGGRESSIVE;
				CLANG_CXX_LANGUAGE_STANDARD = "gnu++17";
				CLANG_CXX_LIBRARY = "libc++";
				CLANG_ENABLE_MODULES = YES;
				CLANG_ENABLE_OBJC_ARC = YES;
				CLANG_ENABLE_OBJC_WEAK = YES;
				CLANG_WARN_BLOCK_CAPTURE_AUTORELEASING = YES;
				CLANG_WARN_BOOL_CONVERSION = YES;
				CLANG_WARN_COMMA = YES;
				CLANG_WARN_CONSTANT_CONVERSION = YES;
				CLANG_WARN_DEPRECATED_OBJC_IMPLEMENTATIONS = YES;
				CLANG_WARN_DIRECT_OBJC_ISA_USAGE = YES_ERROR;
				CLANG_WARN_DOCUMENTATION_COMMENTS = YES;
				CLANG_WARN_EMPTY_BODY = YES;
				CLANG_WARN_ENUM_CONVERSION = YES;
				CLANG_WARN_INFINITE_RECURSION = YES;
				CLANG_WARN_INT_CONVERSION = YES;
				CLANG_WARN_NON_LITERAL_NULL_CONVERSION = YES;
				CLANG_WARN_OBJC_IMPLICIT_RETAIN_SELF = YES;
				CLANG_WARN_OBJC_LITERAL_CONVERSION = YES;
				CLANG_WARN_OBJC_ROOT_CLASS = YES_ERROR;
				CLANG_WARN_QUOTED_INCLUDE_IN_FRAMEWORK_HEADER = YES;
				CLANG_WARN_RANGE_LOOP_ANALYSIS = YES;
				CLANG_WARN_STRICT_PROTOTYPES = YES;
				CLANG_WARN_SUSPICIOUS_MOVE = YES;
				CLANG_WARN_UNGUARDED_AVAILABILITY = YES_AGGRESSIVE;
				CLANG_WARN_UNREACHABLE_CODE = YES;
				CLANG_WARN__DUPLICATE_METHOD_MATCH = YES;
				COPY_PHASE_STRIP = NO;
				DEBUG_INFORMATION_FORMAT = "dwarf-with-dsym";
				ENABLE_NS_ASSERTIONS = NO;
				ENABLE_STRICT_OBJC_MSGSEND = YES;
				GCC_C_LANGUAGE_STANDARD = gnu11;
				GCC_NO_COMMON_BLOCKS = YES;
				GCC_WARN_64_TO_32_BIT_CONVERSION = YES;
				GCC_WARN_ABOUT_RETURN_TYPE = YES_ERROR;
				GCC_WARN_UNDECLARED_SELECTOR = YES;
				GCC_WARN_UNINITIALIZED_AUTOS = YES_AGGRESSIVE;
				GCC_WARN_UNUSED_FUNCTION = YES;
				GCC_WARN_UNUSED_VARIABLE = YES;
				IPHONEOS_DEPLOYMENT_TARGET = 15.0;
				MTL_ENABLE_DEBUG_INFO = NO;
				MTL_FAST_MATH = YES;
				SDKROOT = iphoneos;
				SWIFT_COMPILATION_MODE = wholemodule;
				SWIFT_OPTIMIZATION_LEVEL = "-O";
				VALIDATE_PRODUCT = YES;
			};
			name = Release;
		};
		8C24934127304FCA0092177D /* Debug */ = {
			isa = XCBuildConfiguration;
			baseConfigurationReference = C138D5A18897ED2A0C8274E4 /* Pods-Fooder.debug.xcconfig */;
			buildSettings = {
				ASSETCATALOG_COMPILER_APPICON_NAME = AppIcon;
				ASSETCATALOG_COMPILER_GLOBAL_ACCENT_COLOR_NAME = AccentColor;
				CODE_SIGN_STYLE = Automatic;
				CURRENT_PROJECT_VERSION = 1;
				DEVELOPMENT_TEAM = 8996593D3H;
				GENERATE_INFOPLIST_FILE = YES;
				INFOPLIST_FILE = Fooder/Info.plist;
				INFOPLIST_KEY_UIApplicationSupportsIndirectInputEvents = YES;
				INFOPLIST_KEY_UILaunchStoryboardName = LaunchScreen;
				INFOPLIST_KEY_UISupportedInterfaceOrientations_iPad = "UIInterfaceOrientationPortrait UIInterfaceOrientationPortraitUpsideDown UIInterfaceOrientationLandscapeLeft UIInterfaceOrientationLandscapeRight";
				INFOPLIST_KEY_UISupportedInterfaceOrientations_iPhone = "UIInterfaceOrientationPortrait UIInterfaceOrientationLandscapeLeft UIInterfaceOrientationLandscapeRight";
				LD_RUNPATH_SEARCH_PATHS = (
					"$(inherited)",
					"@executable_path/Frameworks",
				);
				MARKETING_VERSION = 1.0;
				PRODUCT_BUNDLE_IDENTIFIER = Fooder0000;
				PRODUCT_NAME = "$(TARGET_NAME)";
				SWIFT_EMIT_LOC_STRINGS = YES;
				SWIFT_VERSION = 5.0;
				TARGETED_DEVICE_FAMILY = 1;
			};
			name = Debug;
		};
		8C24934227304FCA0092177D /* Release */ = {
			isa = XCBuildConfiguration;
			baseConfigurationReference = A369CC205E6874E2331EF9B6 /* Pods-Fooder.release.xcconfig */;
			buildSettings = {
				ASSETCATALOG_COMPILER_APPICON_NAME = AppIcon;
				ASSETCATALOG_COMPILER_GLOBAL_ACCENT_COLOR_NAME = AccentColor;
				CODE_SIGN_STYLE = Automatic;
				CURRENT_PROJECT_VERSION = 1;
				DEVELOPMENT_TEAM = 8996593D3H;
				GENERATE_INFOPLIST_FILE = YES;
				INFOPLIST_FILE = Fooder/Info.plist;
				INFOPLIST_KEY_UIApplicationSupportsIndirectInputEvents = YES;
				INFOPLIST_KEY_UILaunchStoryboardName = LaunchScreen;
				INFOPLIST_KEY_UISupportedInterfaceOrientations_iPad = "UIInterfaceOrientationPortrait UIInterfaceOrientationPortraitUpsideDown UIInterfaceOrientationLandscapeLeft UIInterfaceOrientationLandscapeRight";
				INFOPLIST_KEY_UISupportedInterfaceOrientations_iPhone = "UIInterfaceOrientationPortrait UIInterfaceOrientationLandscapeLeft UIInterfaceOrientationLandscapeRight";
				LD_RUNPATH_SEARCH_PATHS = (
					"$(inherited)",
					"@executable_path/Frameworks",
				);
				MARKETING_VERSION = 1.0;
				PRODUCT_BUNDLE_IDENTIFIER = Fooder0000;
				PRODUCT_NAME = "$(TARGET_NAME)";
				SWIFT_EMIT_LOC_STRINGS = YES;
				SWIFT_VERSION = 5.0;
				TARGETED_DEVICE_FAMILY = 1;
			};
			name = Release;
		};
/* End XCBuildConfiguration section */

/* Begin XCConfigurationList section */
		8C24932727304FC90092177D /* Build configuration list for PBXProject "Fooder" */ = {
			isa = XCConfigurationList;
			buildConfigurations = (
				8C24933E27304FCA0092177D /* Debug */,
				8C24933F27304FCA0092177D /* Release */,
			);
			defaultConfigurationIsVisible = 0;
			defaultConfigurationName = Release;
		};
		8C24934027304FCA0092177D /* Build configuration list for PBXNativeTarget "Fooder" */ = {
			isa = XCConfigurationList;
			buildConfigurations = (
				8C24934127304FCA0092177D /* Debug */,
				8C24934227304FCA0092177D /* Release */,
			);
			defaultConfigurationIsVisible = 0;
			defaultConfigurationName = Release;
		};
/* End XCConfigurationList section */
	};
	rootObject = 8C24932427304FC90092177D /* Project object */;
}
